[root]
name = "fix"
version = "0.0.0"
dependencies = [
 "typenum 1.8.0 (git+https://github.com/programble/typenum?branch=feature/abs)",
]

[[package]]
name = "typenum"
version = "1.8.0"
source = "git+https://github.com/programble/typenum?branch=feature/abs#1011d8b6bc4a7510165cab2b82bf5567531e8461"

[metadata]
"checksum typenum 1.8.0 (git+https://github.com/programble/typenum?branch=feature/abs)" = "<none>"
