[root]
name = "fix"
version = "0.0.0"
dependencies = [
 "typenum 1.8.0 (git+https://github.com/paholg/typenum)",
]

[[package]]
name = "typenum"
version = "1.8.0"
source = "git+https://github.com/paholg/typenum#8ff62fafe1a8127638a307d5ead80ec1bf9794c0"

[metadata]
"checksum typenum 1.8.0 (git+https://github.com/paholg/typenum)" = "<none>"
